// !$*UTF8*$!
{
	archiveVersion = 1;
	classes = {
	};
	objectVersion = 55;
	objects = {

/* Begin PBXBuildFile section */
		FAC63ACC2851A51500F24527 /* AppDelegate.swift in Sources */ = {isa = PBXBuildFile; fileRef = FAC63ACB2851A51500F24527 /* AppDelegate.swift */; };
		FAC63ACE2851A51500F24527 /* ViewController.swift in Sources */ = {isa = PBXBuildFile; fileRef = FAC63ACD2851A51500F24527 /* ViewController.swift */; };
		FAC63AD02851A51700F24527 /* Assets.xcassets in Resources */ = {isa = PBXBuildFile; fileRef = FAC63ACF2851A51700F24527 /* Assets.xcassets */; };
		FAC63AD32851A51700F24527 /* Main.storyboard in Resources */ = {isa = PBXBuildFile; fileRef = FAC63AD12851A51700F24527 /* Main.storyboard */; };
		FAC63ADE2851A51700F24527 /* ReminderTests.swift in Sources */ = {isa = PBXBuildFile; fileRef = FAC63ADD2851A51700F24527 /* ReminderTests.swift */; };
		FAC63AE82851A51700F24527 /* ReminderUITests.swift in Sources */ = {isa = PBXBuildFile; fileRef = FAC63AE72851A51700F24527 /* ReminderUITests.swift */; };
		FAC63AEA2851A51700F24527 /* ReminderUITestsLaunchTests.swift in Sources */ = {isa = PBXBuildFile; fileRef = FAC63AE92851A51700F24527 /* ReminderUITestsLaunchTests.swift */; };
/* End PBXBuildFile section */

/* Begin PBXContainerItemProxy section */
		FAC63ADA2851A51700F24527 /* PBXContainerItemProxy */ = {
			isa = PBXContainerItemProxy;
			containerPortal = FAC63AC02851A51500F24527 /* Project object */;
			proxyType = 1;
			remoteGlobalIDString = FAC63AC72851A51500F24527;
			remoteInfo = Reminder;
		};
		FAC63AE42851A51700F24527 /* PBXContainerItemProxy */ = {
			isa = PBXContainerItemProxy;
			containerPortal = FAC63AC02851A51500F24527 /* Project object */;
			proxyType = 1;
			remoteGlobalIDString = FAC63AC72851A51500F24527;
			remoteInfo = Reminder;
		};
/* End PBXContainerItemProxy section */

/* Begin PBXFileReference section */
		FAC63AC82851A51500F24527 /* Reminder.app */ = {isa = PBXFileReference; explicitFileType = wrapper.application; includeInIndex = 0; path = Reminder.app; sourceTree = BUILT_PRODUCTS_DIR; };
		FAC63ACB2851A51500F24527 /* AppDelegate.swift */ = {isa = PBXFileReference; lastKnownFileType = sourcecode.swift; path = AppDelegate.swift; sourceTree = "<group>"; };
		FAC63ACD2851A51500F24527 /* ViewController.swift */ = {isa = PBXFileReference; lastKnownFileType = sourcecode.swift; path = ViewController.swift; sourceTree = "<group>"; };
		FAC63ACF2851A51700F24527 /* Assets.xcassets */ = {isa = PBXFileReference; lastKnownFileType = folder.assetcatalog; path = Assets.xcassets; sourceTree = "<group>"; };
		FAC63AD22851A51700F24527 /* Base */ = {isa = PBXFileReference; lastKnownFileType = file.storyboard; name = Base; path = Base.lproj/Main.storyboard; sourceTree = "<group>"; };
		FAC63AD42851A51700F24527 /* Reminder.entitlements */ = {isa = PBXFileReference; lastKnownFileType = text.plist.entitlements; path = Reminder.entitlements; sourceTree = "<group>"; };
		FAC63AD92851A51700F24527 /* ReminderTests.xctest */ = {isa = PBXFileReference; explicitFileType = wrapper.cfbundle; includeInIndex = 0; path = ReminderTests.xctest; sourceTree = BUILT_PRODUCTS_DIR; };
		FAC63ADD2851A51700F24527 /* ReminderTests.swift */ = {isa = PBXFileReference; lastKnownFileType = sourcecode.swift; path = ReminderTests.swift; sourceTree = "<group>"; };
		FAC63AE32851A51700F24527 /* ReminderUITests.xctest */ = {isa = PBXFileReference; explicitFileType = wrapper.cfbundle; includeInIndex = 0; path = ReminderUITests.xctest; sourceTree = BUILT_PRODUCTS_DIR; };
		FAC63AE72851A51700F24527 /* ReminderUITests.swift */ = {isa = PBXFileReference; lastKnownFileType = sourcecode.swift; path = ReminderUITests.swift; sourceTree = "<group>"; };
		FAC63AE92851A51700F24527 /* ReminderUITestsLaunchTests.swift */ = {isa = PBXFileReference; lastKnownFileType = sourcecode.swift; path = ReminderUITestsLaunchTests.swift; sourceTree = "<group>"; };
/* End PBXFileReference section */

/* Begin PBXFrameworksBuildPhase section */
		FAC63AC52851A51500F24527 /* Frameworks */ = {
			isa = PBXFrameworksBuildPhase;
			buildActionMask = 2147483647;
			files = (
			);
			runOnlyForDeploymentPostprocessing = 0;
		};
		FAC63AD62851A51700F24527 /* Frameworks */ = {
			isa = PBXFrameworksBuildPhase;
			buildActionMask = 2147483647;
			files = (
			);
			runOnlyForDeploymentPostprocessing = 0;
		};
		FAC63AE02851A51700F24527 /* Frameworks */ = {
			isa = PBXFrameworksBuildPhase;
			buildActionMask = 2147483647;
			files = (
			);
			runOnlyForDeploymentPostprocessing = 0;
		};
/* End PBXFrameworksBuildPhase section */

/* Begin PBXGroup section */
		FAC63ABF2851A51500F24527 = {
			isa = PBXGroup;
			children = (
				FAC63ACA2851A51500F24527 /* Reminder */,
				FAC63ADC2851A51700F24527 /* ReminderTests */,
				FAC63AE62851A51700F24527 /* ReminderUITests */,
				FAC63AC92851A51500F24527 /* Products */,
			);
			sourceTree = "<group>";
		};
		FAC63AC92851A51500F24527 /* Products */ = {
			isa = PBXGroup;
			children = (
				FAC63AC82851A51500F24527 /* Reminder.app */,
				FAC63AD92851A51700F24527 /* ReminderTests.xctest */,
				FAC63AE32851A51700F24527 /* ReminderUITests.xctest */,
			);
			name = Products;
			sourceTree = "<group>";
		};
		FAC63ACA2851A51500F24527 /* Reminder */ = {
			isa = PBXGroup;
			children = (
				FAC63ACB2851A51500F24527 /* AppDelegate.swift */,
				FAC63ACD2851A51500F24527 /* ViewController.swift */,
				FAC63ACF2851A51700F24527 /* Assets.xcassets */,
				FAC63AD12851A51700F24527 /* Main.storyboard */,
				FAC63AD42851A51700F24527 /* Reminder.entitlements */,
			);
			path = Reminder;
			sourceTree = "<group>";
		};
		FAC63ADC2851A51700F24527 /* ReminderTests */ = {
			isa = PBXGroup;
			children = (
				FAC63ADD2851A51700F24527 /* ReminderTests.swift */,
			);
			path = ReminderTests;
			sourceTree = "<group>";
		};
		FAC63AE62851A51700F24527 /* ReminderUITests */ = {
			isa = PBXGroup;
			children = (
				FAC63AE72851A51700F24527 /* ReminderUITests.swift */,
				FAC63AE92851A51700F24527 /* ReminderUITestsLaunchTests.swift */,
			);
			path = ReminderUITests;
			sourceTree = "<group>";
		};
/* End PBXGroup section */

/* Begin PBXNativeTarget section */
		FAC63AC72851A51500F24527 /* Reminder */ = {
			isa = PBXNativeTarget;
			buildConfigurationList = FAC63AED2851A51700F24527 /* Build configuration list for PBXNativeTarget "Reminder" */;
			buildPhases = (
				FAC63AC42851A51500F24527 /* Sources */,
				FAC63AC52851A51500F24527 /* Frameworks */,
				FAC63AC62851A51500F24527 /* Resources */,
			);
			buildRules = (
			);
			dependencies = (
			);
			name = Reminder;
			productName = Reminder;
			productReference = FAC63AC82851A51500F24527 /* Reminder.app */;
			productType = "com.apple.product-type.application";
		};
		FAC63AD82851A51700F24527 /* ReminderTests */ = {
			isa = PBXNativeTarget;
			buildConfigurationList = FAC63AF02851A51700F24527 /* Build configuration list for PBXNativeTarget "ReminderTests" */;
			buildPhases = (
				FAC63AD52851A51700F24527 /* Sources */,
				FAC63AD62851A51700F24527 /* Frameworks */,
				FAC63AD72851A51700F24527 /* Resources */,
			);
			buildRules = (
			);
			dependencies = (
				FAC63ADB2851A51700F24527 /* PBXTargetDependency */,
			);
			name = ReminderTests;
			productName = ReminderTests;
			productReference = FAC63AD92851A51700F24527 /* ReminderTests.xctest */;
			productType = "com.apple.product-type.bundle.unit-test";
		};
		FAC63AE22851A51700F24527 /* ReminderUITests */ = {
			isa = PBXNativeTarget;
			buildConfigurationList = FAC63AF32851A51700F24527 /* Build configuration list for PBXNativeTarget "ReminderUITests" */;
			buildPhases = (
				FAC63ADF2851A51700F24527 /* Sources */,
				FAC63AE02851A51700F24527 /* Frameworks */,
				FAC63AE12851A51700F24527 /* Resources */,
			);
			buildRules = (
			);
			dependencies = (
				FAC63AE52851A51700F24527 /* PBXTargetDependency */,
			);
			name = ReminderUITests;
			productName = ReminderUITests;
			productReference = FAC63AE32851A51700F24527 /* ReminderUITests.xctest */;
			productType = "com.apple.product-type.bundle.ui-testing";
		};
/* End PBXNativeTarget section */

/* Begin PBXProject section */
		FAC63AC02851A51500F24527 /* Project object */ = {
			isa = PBXProject;
			attributes = {
				BuildIndependentTargetsInParallel = 1;
				LastSwiftUpdateCheck = 1340;
				LastUpgradeCheck = 1340;
				TargetAttributes = {
					FAC63AC72851A51500F24527 = {
						CreatedOnToolsVersion = 13.4.1;
					};
					FAC63AD82851A51700F24527 = {
						CreatedOnToolsVersion = 13.4.1;
						TestTargetID = FAC63AC72851A51500F24527;
					};
					FAC63AE22851A51700F24527 = {
						CreatedOnToolsVersion = 13.4.1;
						TestTargetID = FAC63AC72851A51500F24527;
					};
				};
			};
			buildConfigurationList = FAC63AC32851A51500F24527 /* Build configuration list for PBXProject "Reminder" */;
			compatibilityVersion = "Xcode 13.0";
			developmentRegion = en;
			hasScannedForEncodings = 0;
			knownRegions = (
				en,
				Base,
			);
			mainGroup = FAC63ABF2851A51500F24527;
			productRefGroup = FAC63AC92851A51500F24527 /* Products */;
			projectDirPath = "";
			projectRoot = "";
			targets = (
				FAC63AC72851A51500F24527 /* Reminder */,
				FAC63AD82851A51700F24527 /* ReminderTests */,
				FAC63AE22851A51700F24527 /* ReminderUITests */,
			);
		};
/* End PBXProject section */

/* Begin PBXResourcesBuildPhase section */
		FAC63AC62851A51500F24527 /* Resources */ = {
			isa = PBXResourcesBuildPhase;
			buildActionMask = 2147483647;
			files = (
				FAC63AD02851A51700F24527 /* Assets.xcassets in Resources */,
				FAC63AD32851A51700F24527 /* Main.storyboard in Resources */,
			);
			runOnlyForDeploymentPostprocessing = 0;
		};
		FAC63AD72851A51700F24527 /* Resources */ = {
			isa = PBXResourcesBuildPhase;
			buildActionMask = 2147483647;
			files = (
			);
			runOnlyForDeploymentPostprocessing = 0;
		};
		FAC63AE12851A51700F24527 /* Resources */ = {
			isa = PBXResourcesBuildPhase;
			buildActionMask = 2147483647;
			files = (
			);
			runOnlyForDeploymentPostprocessing = 0;
		};
/* End PBXResourcesBuildPhase section */

/* Begin PBXSourcesBuildPhase section */
		FAC63AC42851A51500F24527 /* Sources */ = {
			isa = PBXSourcesBuildPhase;
			buildActionMask = 2147483647;
			files = (
				FAC63ACE2851A51500F24527 /* ViewController.swift in Sources */,
				FAC63ACC2851A51500F24527 /* AppDelegate.swift in Sources */,
			);
			runOnlyForDeploymentPostprocessing = 0;
		};
		FAC63AD52851A51700F24527 /* Sources */ = {
			isa = PBXSourcesBuildPhase;
			buildActionMask = 2147483647;
			files = (
				FAC63ADE2851A51700F24527 /* ReminderTests.swift in Sources */,
			);
			runOnlyForDeploymentPostprocessing = 0;
		};
		FAC63ADF2851A51700F24527 /* Sources */ = {
			isa = PBXSourcesBuildPhase;
			buildActionMask = 2147483647;
			files = (
				FAC63AEA2851A51700F24527 /* ReminderUITestsLaunchTests.swift in Sources */,
				FAC63AE82851A51700F24527 /* ReminderUITests.swift in Sources */,
			);
			runOnlyForDeploymentPostprocessing = 0;
		};
/* End PBXSourcesBuildPhase section */

/* Begin PBXTargetDependency section */
		FAC63ADB2851A51700F24527 /* PBXTargetDependency */ = {
			isa = PBXTargetDependency;
			target = FAC63AC72851A51500F24527 /* Reminder */;
			targetProxy = FAC63ADA2851A51700F24527 /* PBXContainerItemProxy */;
		};
		FAC63AE52851A51700F24527 /* PBXTargetDependency */ = {
			isa = PBXTargetDependency;
			target = FAC63AC72851A51500F24527 /* Reminder */;
			targetProxy = FAC63AE42851A51700F24527 /* PBXContainerItemProxy */;
		};
/* End PBXTargetDependency section */

/* Begin PBXVariantGroup section */
		FAC63AD12851A51700F24527 /* Main.storyboard */ = {
			isa = PBXVariantGroup;
			children = (
				FAC63AD22851A51700F24527 /* Base */,
			);
			name = Main.storyboard;
			sourceTree = "<group>";
		};
/* End PBXVariantGroup section */

/* Begin XCBuildConfiguration section */
		FAC63AEB2851A51700F24527 /* Debug */ = {
			isa = XCBuildConfiguration;
			buildSettings = {
				ALWAYS_SEARCH_USER_PATHS = NO;
				CLANG_ANALYZER_NONNULL = YES;
				CLANG_ANALYZER_NUMBER_OBJECT_CONVERSION = YES_AGGRESSIVE;
				CLANG_CXX_LANGUAGE_STANDARD = "gnu++17";
				CLANG_ENABLE_MODULES = YES;
				CLANG_ENABLE_OBJC_ARC = YES;
				CLANG_ENABLE_OBJC_WEAK = YES;
				CLANG_WARN_BLOCK_CAPTURE_AUTORELEASING = YES;
				CLANG_WARN_BOOL_CONVERSION = YES;
				CLANG_WARN_COMMA = YES;
				CLANG_WARN_CONSTANT_CONVERSION = YES;
				CLANG_WARN_DEPRECATED_OBJC_IMPLEMENTATIONS = YES;
				CLANG_WARN_DIRECT_OBJC_ISA_USAGE = YES_ERROR;
				CLANG_WARN_DOCUMENTATION_COMMENTS = YES;
				CLANG_WARN_EMPTY_BODY = YES;
				CLANG_WARN_ENUM_CONVERSION = YES;
				CLANG_WARN_INFINITE_RECURSION = YES;
				CLANG_WARN_INT_CONVERSION = YES;
				CLANG_WARN_NON_LITERAL_NULL_CONVERSION = YES;
				CLANG_WARN_OBJC_IMPLICIT_RETAIN_SELF = YES;
				CLANG_WARN_OBJC_LITERAL_CONVERSION = YES;
				CLANG_WARN_OBJC_ROOT_CLASS = YES_ERROR;
				CLANG_WARN_QUOTED_INCLUDE_IN_FRAMEWORK_HEADER = YES;
				CLANG_WARN_RANGE_LOOP_ANALYSIS = YES;
				CLANG_WARN_STRICT_PROTOTYPES = YES;
				CLANG_WARN_SUSPICIOUS_MOVE = YES;
				CLANG_WARN_UNGUARDED_AVAILABILITY = YES_AGGRESSIVE;
				CLANG_WARN_UNREACHABLE_CODE = YES;
				CLANG_WARN__DUPLICATE_METHOD_MATCH = YES;
				COPY_PHASE_STRIP = NO;
				DEBUG_INFORMATION_FORMAT = dwarf;
				ENABLE_STRICT_OBJC_MSGSEND = YES;
				ENABLE_TESTABILITY = YES;
				GCC_C_LANGUAGE_STANDARD = gnu11;
				GCC_DYNAMIC_NO_PIC = NO;
				GCC_NO_COMMON_BLOCKS = YES;
				GCC_OPTIMIZATION_LEVEL = 0;
				GCC_PREPROCESSOR_DEFINITIONS = (
					"DEBUG=1",
					"$(inherited)",
				);
				GCC_WARN_64_TO_32_BIT_CONVERSION = YES;
				GCC_WARN_ABOUT_RETURN_TYPE = YES_ERROR;
				GCC_WARN_UNDECLARED_SELECTOR = YES;
				GCC_WARN_UNINITIALIZED_AUTOS = YES_AGGRESSIVE;
				GCC_WARN_UNUSED_FUNCTION = YES;
				GCC_WARN_UNUSED_VARIABLE = YES;
				MACOSX_DEPLOYMENT_TARGET = 12.3;
				MTL_ENABLE_DEBUG_INFO = INCLUDE_SOURCE;
				MTL_FAST_MATH = YES;
				ONLY_ACTIVE_ARCH = YES;
				SDKROOT = macosx;
				SWIFT_ACTIVE_COMPILATION_CONDITIONS = DEBUG;
				SWIFT_OPTIMIZATION_LEVEL = "-Onone";
			};
			name = Debug;
		};
		FAC63AEC2851A51700F24527 /* Release */ = {
			isa = XCBuildConfiguration;
			buildSettings = {
				ALWAYS_SEARCH_USER_PATHS = NO;
				CLANG_ANALYZER_NONNULL = YES;
				CLANG_ANALYZER_NUMBER_OBJECT_CONVERSION = YES_AGGRESSIVE;
				CLANG_CXX_LANGUAGE_STANDARD = "gnu++17";
				CLANG_ENABLE_MODULES = YES;
				CLANG_ENABLE_OBJC_ARC = YES;
				CLANG_ENABLE_OBJC_WEAK = YES;
				CLANG_WARN_BLOCK_CAPTURE_AUTORELEASING = YES;
				CLANG_WARN_BOOL_CONVERSION = YES;
				CLANG_WARN_COMMA = YES;
				CLANG_WARN_CONSTANT_CONVERSION = YES;
				CLANG_WARN_DEPRECATED_OBJC_IMPLEMENTATIONS = YES;
				CLANG_WARN_DIRECT_OBJC_ISA_USAGE = YES_ERROR;
				CLANG_WARN_DOCUMENTATION_COMMENTS = YES;
				CLANG_WARN_EMPTY_BODY = YES;
				CLANG_WARN_ENUM_CONVERSION = YES;
				CLANG_WARN_INFINITE_RECURSION = YES;
				CLANG_WARN_INT_CONVERSION = YES;
				CLANG_WARN_NON_LITERAL_NULL_CONVERSION = YES;
				CLANG_WARN_OBJC_IMPLICIT_RETAIN_SELF = YES;
				CLANG_WARN_OBJC_LITERAL_CONVERSION = YES;
				CLANG_WARN_OBJC_ROOT_CLASS = YES_ERROR;
				CLANG_WARN_QUOTED_INCLUDE_IN_FRAMEWORK_HEADER = YES;
				CLANG_WARN_RANGE_LOOP_ANALYSIS = YES;
				CLANG_WARN_STRICT_PROTOTYPES = YES;
				CLANG_WARN_SUSPICIOUS_MOVE = YES;
				CLANG_WARN_UNGUARDED_AVAILABILITY = YES_AGGRESSIVE;
				CLANG_WARN_UNREACHABLE_CODE = YES;
				CLANG_WARN__DUPLICATE_METHOD_MATCH = YES;
				COPY_PHASE_STRIP = NO;
				DEBUG_INFORMATION_FORMAT = "dwarf-with-dsym";
				ENABLE_NS_ASSERTIONS = NO;
				ENABLE_STRICT_OBJC_MSGSEND = YES;
				GCC_C_LANGUAGE_STANDARD = gnu11;
				GCC_NO_COMMON_BLOCKS = YES;
				GCC_WARN_64_TO_32_BIT_CONVERSION = YES;
				GCC_WARN_ABOUT_RETURN_TYPE = YES_ERROR;
				GCC_WARN_UNDECLARED_SELECTOR = YES;
				GCC_WARN_UNINITIALIZED_AUTOS = YES_AGGRESSIVE;
				GCC_WARN_UNUSED_FUNCTION = YES;
				GCC_WARN_UNUSED_VARIABLE = YES;
				MACOSX_DEPLOYMENT_TARGET = 12.3;
				MTL_ENABLE_DEBUG_INFO = NO;
				MTL_FAST_MATH = YES;
				SDKROOT = macosx;
				SWIFT_COMPILATION_MODE = wholemodule;
				SWIFT_OPTIMIZATION_LEVEL = "-O";
			};
			name = Release;
		};
		FAC63AEE2851A51700F24527 /* Debug */ = {
			isa = XCBuildConfiguration;
			buildSettings = {
				ASSETCATALOG_COMPILER_APPICON_NAME = AppIcon;
				ASSETCATALOG_COMPILER_GLOBAL_ACCENT_COLOR_NAME = AccentColor;
				CODE_SIGN_ENTITLEMENTS = Reminder/Reminder.entitlements;
				CODE_SIGN_STYLE = Automatic;
				COMBINE_HIDPI_IMAGES = YES;
				CURRENT_PROJECT_VERSION = 1;
				DEVELOPMENT_TEAM = CTDKDJ363H;
				ENABLE_HARDENED_RUNTIME = YES;
				GENERATE_INFOPLIST_FILE = YES;
				INFOPLIST_KEY_NSHumanReadableCopyright = "";
				INFOPLIST_KEY_NSMainStoryboardFile = Main;
				INFOPLIST_KEY_NSPrincipalClass = NSApplication;
				LD_RUNPATH_SEARCH_PATHS = (
					"$(inherited)",
					"@executable_path/../Frameworks",
				);
				MARKETING_VERSION = 1.0;
				PRODUCT_BUNDLE_IDENTIFIER = fengyuhe.Reminder;
				PRODUCT_NAME = "$(TARGET_NAME)";
				SWIFT_EMIT_LOC_STRINGS = YES;
				SWIFT_VERSION = 5.0;
			};
			name = Debug;
		};
		FAC63AEF2851A51700F24527 /* Release */ = {
			isa = XCBuildConfiguration;
			buildSettings = {
				ASSETCATALOG_COMPILER_APPICON_NAME = AppIcon;
				ASSETCATALOG_COMPILER_GLOBAL_ACCENT_COLOR_NAME = AccentColor;
				CODE_SIGN_ENTITLEMENTS = Reminder/Reminder.entitlements;
				CODE_SIGN_STYLE = Automatic;
				COMBINE_HIDPI_IMAGES = YES;
				CURRENT_PROJECT_VERSION = 1;
				DEVELOPMENT_TEAM = CTDKDJ363H;
				ENABLE_HARDENED_RUNTIME = YES;
				GENERATE_INFOPLIST_FILE = YES;
				INFOPLIST_KEY_NSHumanReadableCopyright = "";
				INFOPLIST_KEY_NSMainStoryboardFile = Main;
				INFOPLIST_KEY_NSPrincipalClass = NSApplication;
				LD_RUNPATH_SEARCH_PATHS = (
					"$(inherited)",
					"@executable_path/../Frameworks",
				);
				MARKETING_VERSION = 1.0;
				PRODUCT_BUNDLE_IDENTIFIER = fengyuhe.Reminder;
				PRODUCT_NAME = "$(TARGET_NAME)";
				SWIFT_EMIT_LOC_STRINGS = YES;
				SWIFT_VERSION = 5.0;
			};
			name = Release;
		};
		FAC63AF12851A51700F24527 /* Debug */ = {
			isa = XCBuildConfiguration;
			buildSettings = {
				ALWAYS_EMBED_SWIFT_STANDARD_LIBRARIES = YES;
				BUNDLE_LOADER = "$(TEST_HOST)";
				CODE_SIGN_STYLE = Automatic;
				CURRENT_PROJECT_VERSION = 1;
				DEVELOPMENT_TEAM = CTDKDJ363H;
				GENERATE_INFOPLIST_FILE = YES;
				MACOSX_DEPLOYMENT_TARGET = 12.3;
				MARKETING_VERSION = 1.0;
				PRODUCT_BUNDLE_IDENTIFIER = fengyuhe.ReminderTests;
				PRODUCT_NAME = "$(TARGET_NAME)";
				SWIFT_EMIT_LOC_STRINGS = NO;
				SWIFT_VERSION = 5.0;
				TEST_HOST = "$(BUILT_PRODUCTS_DIR)/Reminder.app/Contents/MacOS/Reminder";
			};
			name = Debug;
		};
		FAC63AF22851A51700F24527 /* Release */ = {
			isa = XCBuildConfiguration;
			buildSettings = {
				ALWAYS_EMBED_SWIFT_STANDARD_LIBRARIES = YES;
				BUNDLE_LOADER = "$(TEST_HOST)";
				CODE_SIGN_STYLE = Automatic;
				CURRENT_PROJECT_VERSION = 1;
				DEVELOPMENT_TEAM = CTDKDJ363H;
				GENERATE_INFOPLIST_FILE = YES;
				MACOSX_DEPLOYMENT_TARGET = 12.3;
				MARKETING_VERSION = 1.0;
				PRODUCT_BUNDLE_IDENTIFIER = fengyuhe.ReminderTests;
				PRODUCT_NAME = "$(TARGET_NAME)";
				SWIFT_EMIT_LOC_STRINGS = NO;
				SWIFT_VERSION = 5.0;
				TEST_HOST = "$(BUILT_PRODUCTS_DIR)/Reminder.app/Contents/MacOS/Reminder";
			};
			name = Release;
		};
		FAC63AF42851A51700F24527 /* Debug */ = {
			isa = XCBuildConfiguration;
			buildSettings = {
				ALWAYS_EMBED_SWIFT_STANDARD_LIBRARIES = YES;
				CODE_SIGN_STYLE = Automatic;
				CURRENT_PROJECT_VERSION = 1;
				DEVELOPMENT_TEAM = CTDKDJ363H;
				GENERATE_INFOPLIST_FILE = YES;
				MARKETING_VERSION = 1.0;
				PRODUCT_BUNDLE_IDENTIFIER = fengyuhe.ReminderUITests;
				PRODUCT_NAME = "$(TARGET_NAME)";
				SWIFT_EMIT_LOC_STRINGS = NO;
				SWIFT_VERSION = 5.0;
				TEST_TARGET_NAME = Reminder;
			};
			name = Debug;
		};
		FAC63AF52851A51700F24527 /* Release */ = {
			isa = XCBuildConfiguration;
			buildSettings = {
				ALWAYS_EMBED_SWIFT_STANDARD_LIBRARIES = YES;
				CODE_SIGN_STYLE = Automatic;
				CURRENT_PROJECT_VERSION = 1;
				DEVELOPMENT_TEAM = CTDKDJ363H;
				GENERATE_INFOPLIST_FILE = YES;
				MARKETING_VERSION = 1.0;
				PRODUCT_BUNDLE_IDENTIFIER = fengyuhe.ReminderUITests;
				PRODUCT_NAME = "$(TARGET_NAME)";
				SWIFT_EMIT_LOC_STRINGS = NO;
				SWIFT_VERSION = 5.0;
				TEST_TARGET_NAME = Reminder;
			};
			name = Release;
		};
/* End XCBuildConfiguration section */

/* Begin XCConfigurationList section */
		FAC63AC32851A51500F24527 /* Build configuration list for PBXProject "Reminder" */ = {
			isa = XCConfigurationList;
			buildConfigurations = (
				FAC63AEB2851A51700F24527 /* Debug */,
				FAC63AEC2851A51700F24527 /* Release */,
			);
			defaultConfigurationIsVisible = 0;
			defaultConfigurationName = Release;
		};
		FAC63AED2851A51700F24527 /* Build configuration list for PBXNativeTarget "Reminder" */ = {
			isa = XCConfigurationList;
			buildConfigurations = (
				FAC63AEE2851A51700F24527 /* Debug */,
				FAC63AEF2851A51700F24527 /* Release */,
			);
			defaultConfigurationIsVisible = 0;
			defaultConfigurationName = Release;
		};
		FAC63AF02851A51700F24527 /* Build configuration list for PBXNativeTarget "ReminderTests" */ = {
			isa = XCConfigurationList;
			buildConfigurations = (
				FAC63AF12851A51700F24527 /* Debug */,
				FAC63AF22851A51700F24527 /* Release */,
			);
			defaultConfigurationIsVisible = 0;
			defaultConfigurationName = Release;
		};
		FAC63AF32851A51700F24527 /* Build configuration list for PBXNativeTarget "ReminderUITests" */ = {
			isa = XCConfigurationList;
			buildConfigurations = (
				FAC63AF42851A51700F24527 /* Debug */,
				FAC63AF52851A51700F24527 /* Release */,
			);
			defaultConfigurationIsVisible = 0;
			defaultConfigurationName = Release;
		};
/* End XCConfigurationList section */
	};
	rootObject = FAC63AC02851A51500F24527 /* Project object */;
}
